version = 1
revision = 3
requires-python = ">=3.11, <3.13"
resolution-markers = [
    "python_full_version >= '3.12'",
    "python_full_version < '3.12'",
]

[[package]]
name = "colorama"
version = "0.4.6"
source = { registry = "https://pypi.org/simple" }
sdist = { url = "https://files.pythonhosted.org/packages/d8/53/6f443c9a4a8358a93a6792e2acffb9d9d5cb0a5cfd8802644b7b1c9a02e4/colorama-0.4.6.tar.gz", hash = "sha256:08695f5cb7ed6e0531a20572697297273c47b8cae5a63ffc6d6ed5c201be6e44", size = 27697, upload-time = "2022-10-25T02:36:22.414Z" }
wheels = [
    { url = "https://files.pythonhosted.org/packages/d1/d6/3965ed04c63042e047cb6a3e6ed1a63a35087b6a609aa3a15ed8ac56c221/colorama-0.4.6-py2.py3-none-any.whl", hash = "sha256:4f1d9991f5acc0ca119f9d443620b77f9d6b33703e51011c16baf57afb285fc6", size = 25335, upload-time = "2022-10-25T02:36:20.889Z" },
]

[[package]]
name = "filelock"
version = "3.29.0"
source = { registry = "https://pypi.org/simple" }
sdist = { url = "https://files.pythonhosted.org/packages/b5/fe/997687a931ab51049acce6fa1f23e8f01216374ea81374ddee763c493db5/filelock-3.29.0.tar.gz", hash = "sha256:69974355e960702e789734cb4871f884ea6fe50bd8404051a3530bc07809cf90", size = 57571, upload-time = "2026-04-19T15:39:10.068Z" }
wheels = [
    { url = "https://files.pythonhosted.org/packages/81/47/dd9a212ef6e343a6857485ffe25bba537304f1913bdbed446a23f7f592e1/filelock-3.29.0-py3-none-any.whl", hash = "sha256:96f5f6344709aa1572bbf631c640e4ebeeb519e08da902c39a001882f30ac258", size = 39812, upload-time = "2026-04-19T15:39:08.752Z" },
]

[[package]]
name = "fsspec"
version = "2026.3.0"
source = { registry = "https://pypi.org/simple" }
sdist = { url = "https://files.pythonhosted.org/packages/e1/cf/b50ddf667c15276a9ab15a70ef5f257564de271957933ffea49d2cdbcdfb/fsspec-2026.3.0.tar.gz", hash = "sha256:1ee6a0e28677557f8c2f994e3eea77db6392b4de9cd1f5d7a9e87a0ae9d01b41", size = 313547, upload-time = "2026-03-27T19:11:14.892Z" }
wheels = [
    { url = "https://files.pythonhosted.org/packages/d5/1f/5f4a3cd9e4440e9d9bc78ad0a91a1c8d46b4d429d5239ebe6793c9fe5c41/fsspec-2026.3.0-py3-none-any.whl", hash = "sha256:d2ceafaad1b3457968ed14efa28798162f1638dbb5d2a6868a2db002a5ee39a4", size = 202595, upload-time = "2026-03-27T19:11:13.595Z" },
]

[[package]]
name = "iniconfig"
version = "2.3.0"
source = { registry = "https://pypi.org/simple" }
sdist = { url = "https://files.pythonhosted.org/packages/72/34/14ca021ce8e5dfedc35312d08ba8bf51fdd999c576889fc2c24cb97f4f10/iniconfig-2.3.0.tar.gz", hash = "sha256:c76315c77db068650d49c5b56314774a7804df16fee4402c1f19d6d15d8c4730", size = 20503, upload-time = "2025-10-18T21:55:43.219Z" }
wheels = [
    { url = "https://files.pythonhosted.org/packages/cb/b1/3846dd7f199d53cb17f49cba7e651e9ce294d8497c8c150530ed11865bb8/iniconfig-2.3.0-py3-none-any.whl", hash = "sha256:f631c04d2c48c52b84d0d0549c99ff3859c98df65b3101406327ecc7d53fbf12", size = 7484, upload-time = "2025-10-18T21:55:41.639Z" },
]

[[package]]
name = "jinja2"
version = "3.1.6"
source = { registry = "https://pypi.org/simple" }
dependencies = [
    { name = "markupsafe" },
]
sdist = { url = "https://files.pythonhosted.org/packages/df/bf/f7da0350254c0ed7c72f3e33cef02e048281fec7ecec5f032d4aac52226b/jinja2-3.1.6.tar.gz", hash = "sha256:0137fb05990d35f1275a587e9aee6d56da821fc83491a0fb838183be43f66d6d", size = 245115, upload-time = "2025-03-05T20:05:02.478Z" }
wheels = [
    { url = "https://files.pythonhosted.org/packages/62/a1/3d680cbfd5f4b8f15abc1d571870c5fc3e594bb582bc3b64ea099db13e56/jinja2-3.1.6-py3-none-any.whl", hash = "sha256:85ece4451f492d0c13c5dd7c13a64681a86afae63a5f347908daf103ce6d2f67", size = 134899, upload-time = "2025-03-05T20:05:00.369Z" },
]

[[package]]
name = "llm"
version = "0.1.0"
source = { editable = "." }
dependencies = [
    { name = "torch" },
]

[package.optional-dependencies]
dev = [
    { name = "pytest" },
    { name = "ruff" },
]

[package.metadata]
requires-dist = [
    { name = "pytest", marker = "extra == 'dev'", specifier = ">=8.0" },
    { name = "ruff", marker = "extra == 'dev'", specifier = ">=0.6" },
    { name = "torch", specifier = ">=2.2,<2.9" },
]
provides-extras = ["dev"]

[[package]]
name = "markupsafe"
version = "3.0.3"
source = { registry = "https://pypi.org/simple" }
sdist = { url = "https://files.pythonhosted.org/packages/7e/99/7690b6d4034fffd95959cbe0c02de8deb3098cc577c67bb6a24fe5d7caa7/markupsafe-3.0.3.tar.gz", hash = "sha256:722695808f4b6457b320fdc131280796bdceb04ab50fe1795cd540799ebe1698", size = 80313, upload-time = "2025-09-27T18:37:40.426Z" }
wheels = [
    { url = "https://files.pythonhosted.org/packages/08/db/fefacb2136439fc8dd20e797950e749aa1f4997ed584c62cfb8ef7c2be0e/markupsafe-3.0.3-cp311-cp311-macosx_10_9_x86_64.whl", hash = "sha256:1cc7ea17a6824959616c525620e387f6dd30fec8cb44f649e31712db02123dad", size = 11631, upload-time = "2025-09-27T18:36:18.185Z" },
    { url = "https://files.pythonhosted.org/packages/e1/2e/5898933336b61975ce9dc04decbc0a7f2fee78c30353c5efba7f2d6ff27a/markupsafe-3.0.3-cp311-cp311-macosx_11_0_arm64.whl", hash = "sha256:4bd4cd07944443f5a265608cc6aab442e4f74dff8088b0dfc8238647b8f6ae9a", size = 12058, upload-time = "2025-09-27T18:36:19.444Z" },
    { url = "https://files.pythonhosted.org/packages/1d/09/adf2df3699d87d1d8184038df46a9c80d78c0148492323f4693df54e17bb/markupsafe-3.0.3-cp311-cp311-manylinux2014_aarch64.manylinux_2_17_aarch64.manylinux_2_28_aarch64.whl", hash = "sha256:6b5420a1d9450023228968e7e6a9ce57f65d148ab56d2313fcd589eee96a7a50", size = 24287, upload-time = "2025-09-27T18:36:20.768Z" },
    { url = "https://files.pythonhosted.org/packages/30/ac/0273f6fcb5f42e314c6d8cd99effae6a5354604d461b8d392b5ec9530a54/markupsafe-3.0.3-cp311-cp311-manylinux2014_x86_64.manylinux_2_17_x86_64.manylinux_2_28_x86_64.whl", hash = "sha256:0bf2a864d67e76e5c9a34dc26ec616a66b9888e25e7b9460e1c76d3293bd9dbf", size = 22940, upload-time = "2025-09-27T18:36:22.249Z" },
    { url = "https://files.pythonhosted.org/packages/19/ae/31c1be199ef767124c042c6c3e904da327a2f7f0cd63a0337e1eca2967a8/markupsafe-3.0.3-cp311-cp311-manylinux_2_31_riscv64.manylinux_2_39_riscv64.whl", hash = "sha256:bc51efed119bc9cfdf792cdeaa4d67e8f6fcccab66ed4bfdd6bde3e59bfcbb2f", size = 21887, upload-time = "2025-09-27T18:36:23.535Z" },
    { url = "https://files.pythonhosted.org/packages/b2/76/7edcab99d5349a4532a459e1fe64f0b0467a3365056ae550d3bcf3f79e1e/markupsafe-3.0.3-cp311-cp311-musllinux_1_2_aarch64.whl", hash = "sha256:068f375c472b3e7acbe2d5318dea141359e6900156b5b2ba06a30b169086b91a", size = 23692, upload-time = "2025-09-27T18:36:24.823Z" },
    { url = "https://files.pythonhosted.org/packages/a4/28/6e74cdd26d7514849143d69f0bf2399f929c37dc2b31e6829fd2045b2765/markupsafe-3.0.3-cp311-cp311-musllinux_1_2_riscv64.whl", hash = "sha256:7be7b61bb172e1ed687f1754f8e7484f1c8019780f6f6b0786e76bb01c2ae115", size = 21471, upload-time = "2025-09-27T18:36:25.95Z" },
    { url = "https://files.pythonhosted.org/packages/62/7e/a145f36a5c2945673e590850a6f8014318d5577ed7e5920a4b3448e0865d/markupsafe-3.0.3-cp311-cp311-musllinux_1_2_x86_64.whl", hash = "sha256:f9e130248f4462aaa8e2552d547f36ddadbeaa573879158d721bbd33dfe4743a", size = 22923, upload-time = "2025-09-27T18:36:27.109Z" },
    { url = "https://files.pythonhosted.org/packages/0f/62/d9c46a7f5c9adbeeeda52f5b8d802e1094e9717705a645efc71b0913a0a8/markupsafe-3.0.3-cp311-cp311-win32.whl", hash = "sha256:0db14f5dafddbb6d9208827849fad01f1a2609380add406671a26386cdf15a19", size = 14572, upload-time = "2025-09-27T18:36:28.045Z" },
    { url = "https://files.pythonhosted.org/packages/83/8a/4414c03d3f891739326e1783338e48fb49781cc915b2e0ee052aa490d586/markupsafe-3.0.3-cp311-cp311-win_amd64.whl", hash = "sha256:de8a88e63464af587c950061a5e6a67d3632e36df62b986892331d4620a35c01", size = 15077, upload-time = "2025-09-27T18:36:29.025Z" },
    { url = "https://files.pythonhosted.org/packages/35/73/893072b42e6862f319b5207adc9ae06070f095b358655f077f69a35601f0/markupsafe-3.0.3-cp311-cp311-win_arm64.whl", hash = "sha256:3b562dd9e9ea93f13d53989d23a7e775fdfd1066c33494ff43f5418bc8c58a5c", size = 13876, upload-time = "2025-09-27T18:36:29.954Z" },
    { url = "https://files.pythonhosted.org/packages/5a/72/147da192e38635ada20e0a2e1a51cf8823d2119ce8883f7053879c2199b5/markupsafe-3.0.3-cp312-cp312-macosx_10_13_x86_64.whl", hash = "sha256:d53197da72cc091b024dd97249dfc7794d6a56530370992a5e1a08983ad9230e", size = 11615, upload-time = "2025-09-27T18:36:30.854Z" },
    { url = "https://files.pythonhosted.org/packages/9a/81/7e4e08678a1f98521201c3079f77db69fb552acd56067661f8c2f534a718/markupsafe-3.0.3-cp312-cp312-macosx_11_0_arm64.whl", hash = "sha256:1872df69a4de6aead3491198eaf13810b565bdbeec3ae2dc8780f14458ec73ce", size = 12020, upload-time = "2025-09-27T18:36:31.971Z" },
    { url = "https://files.pythonhosted.org/packages/1e/2c/799f4742efc39633a1b54a92eec4082e4f815314869865d876824c257c1e/markupsafe-3.0.3-cp312-cp312-manylinux2014_aarch64.manylinux_2_17_aarch64.manylinux_2_28_aarch64.whl", hash = "sha256:3a7e8ae81ae39e62a41ec302f972ba6ae23a5c5396c8e60113e9066ef893da0d", size = 24332, upload-time = "2025-09-27T18:36:32.813Z" },
    { url = "https://files.pythonhosted.org/packages/3c/2e/8d0c2ab90a8c1d9a24f0399058ab8519a3279d1bd4289511d74e909f060e/markupsafe-3.0.3-cp312-cp312-manylinux2014_x86_64.manylinux_2_17_x86_64.manylinux_2_28_x86_64.whl", hash = "sha256:d6dd0be5b5b189d31db7cda48b91d7e0a9795f31430b7f271219ab30f1d3ac9d", size = 22947, upload-time = "2025-09-27T18:36:33.86Z" },
    { url = "https://files.pythonhosted.org/packages/2c/54/887f3092a85238093a0b2154bd629c89444f395618842e8b0c41783898ea/markupsafe-3.0.3-cp312-cp312-manylinux_2_31_riscv64.manylinux_2_39_riscv64.whl", hash = "sha256:94c6f0bb423f739146aec64595853541634bde58b2135f27f61c1ffd1cd4d16a", size = 21962, upload-time = "2025-09-27T18:36:35.099Z" },
    { url = "https://files.pythonhosted.org/packages/c9/2f/336b8c7b6f4a4d95e91119dc8521402461b74a485558d8f238a68312f11c/markupsafe-3.0.3-cp312-cp312-musllinux_1_2_aarch64.whl", hash = "sha256:be8813b57049a7dc738189df53d69395eba14fb99345e0a5994914a3864c8a4b", size = 23760, upload-time = "2025-09-27T18:36:36.001Z" },
    { url = "https://files.pythonhosted.org/packages/32/43/67935f2b7e4982ffb50a4d169b724d74b62a3964bc1a9a527f5ac4f1ee2b/markupsafe-3.0.3-cp312-cp312-musllinux_1_2_riscv64.whl", hash = "sha256:83891d0e9fb81a825d9a6d61e3f07550ca70a076484292a70fde82c4b807286f", size = 21529, upload-time = "2025-09-27T18:36:36.906Z" },
    { url = "https://files.pythonhosted.org/packages/89/e0/4486f11e51bbba8b0c041098859e869e304d1c261e59244baa3d295d47b7/markupsafe-3.0.3-cp312-cp312-musllinux_1_2_x86_64.whl", hash = "sha256:77f0643abe7495da77fb436f50f8dab76dbc6e5fd25d39589a0f1fe6548bfa2b", size = 23015, upload-time = "2025-09-27T18:36:37.868Z" },
    { url = "https://files.pythonhosted.org/packages/2f/e1/78ee7a023dac597a5825441ebd17170785a9dab23de95d2c7508ade94e0e/markupsafe-3.0.3-cp312-cp312-win32.whl", hash = "sha256:d88b440e37a16e651bda4c7c2b930eb586fd15ca7406cb39e211fcff3bf3017d", size = 14540, upload-time = "2025-09-27T18:36:38.761Z" },
    { url = "https://files.pythonhosted.org/packages/aa/5b/bec5aa9bbbb2c946ca2733ef9c4ca91c91b6a24580193e891b5f7dbe8e1e/markupsafe-3.0.3-cp312-cp312-win_amd64.whl", hash = "sha256:26a5784ded40c9e318cfc2bdb30fe164bdb8665ded9cd64d500a34fb42067b1c", size = 15105, upload-time = "2025-09-27T18:36:39.701Z" },
    { url = "https://files.pythonhosted.org/packages/e5/f1/216fc1bbfd74011693a4fd837e7026152e89c4bcf3e77b6692fba9923123/markupsafe-3.0.3-cp312-cp312-win_arm64.whl", hash = "sha256:35add3b638a5d900e807944a078b51922212fb3dedb01633a8defc4b01a3c85f", size = 13906, upload-time = "2025-09-27T18:36:40.689Z" },
]

[[package]]
name = "mpmath"
version = "1.3.0"
source = { registry = "https://pypi.org/simple" }
sdist = { url = "https://files.pythonhosted.org/packages/e0/47/dd32fa426cc72114383ac549964eecb20ecfd886d1e5ccf5340b55b02f57/mpmath-1.3.0.tar.gz", hash = "sha256:7a28eb2a9774d00c7bc92411c19a89209d5da7c4c9a9e227be8330a23a25b91f", size = 508106, upload-time = "2023-03-07T16:47:11.061Z" }
wheels = [
    { url = "https://files.pythonhosted.org/packages/43/e3/7d92a15f894aa0c9c4b49b8ee9ac9850d6e63b03c9c32c0367a13ae62209/mpmath-1.3.0-py3-none-any.whl", hash = "sha256:a0b2b9fe80bbcd81a6647ff13108738cfb482d481d826cc0e02f5b35e5c88d2c", size = 536198, upload-time = "2023-03-07T16:47:09.197Z" },
]

[[package]]
name = "networkx"
version = "3.6.1"
source = { registry = "https://pypi.org/simple" }
sdist = { url = "https://files.pythonhosted.org/packages/6a/51/63fe664f3908c97be9d2e4f1158eb633317598cfa6e1fc14af5383f17512/networkx-3.6.1.tar.gz", hash = "sha256:26b7c357accc0c8cde558ad486283728b65b6a95d85ee1cd66bafab4c8168509", size = 2517025, upload-time = "2025-12-08T17:02:39.908Z" }
wheels = [
    { url = "https://files.pythonhosted.org/packages/9e/c9/b2622292ea83fbb4ec318f5b9ab867d0a28ab43c5717bb85b0a5f6b3b0a4/networkx-3.6.1-py3-none-any.whl", hash = "sha256:d47fbf302e7d9cbbb9e2555a0d267983d2aa476bac30e90dfbe5669bd57f3762", size = 2068504, upload-time = "2025-12-08T17:02:38.159Z" },
]

[[package]]
name = "nvidia-cublas-cu12"
version = "12.8.4.1"
source = { registry = "https://pypi.org/simple" }
wheels = [
    { url = "https://files.pythonhosted.org/packages/dc/61/e24b560ab2e2eaeb3c839129175fb330dfcfc29e5203196e5541a4c44682/nvidia_cublas_cu12-12.8.4.1-py3-none-manylinux_2_27_x86_64.whl", hash = "sha256:8ac4e771d5a348c551b2a426eda6193c19aa630236b418086020df5ba9667142", size = 594346921, upload-time = "2025-03-07T01:44:31.254Z" },
]

[[package]]
name = "nvidia-cuda-cupti-cu12"
version = "12.8.90"
source = { registry = "https://pypi.org/simple" }
wheels = [
    { url = "https://files.pythonhosted.org/packages/f8/02/2adcaa145158bf1a8295d83591d22e4103dbfd821bcaf6f3f53151ca4ffa/nvidia_cuda_cupti_cu12-12.8.90-py3-none-manylinux2014_x86_64.manylinux_2_17_x86_64.whl", hash = "sha256:ea0cb07ebda26bb9b29ba82cda34849e73c166c18162d3913575b0c9db9a6182", size = 10248621, upload-time = "2025-03-07T01:40:21.213Z" },
]

[[package]]
name = "nvidia-cuda-nvrtc-cu12"
version = "12.8.93"
source = { registry = "https://pypi.org/simple" }
wheels = [
    { url = "https://files.pythonhosted.org/packages/05/6b/32f747947df2da6994e999492ab306a903659555dddc0fbdeb9d71f75e52/nvidia_cuda_nvrtc_cu12-12.8.93-py3-none-manylinux2010_x86_64.manylinux_2_12_x86_64.whl", hash = "sha256:a7756528852ef889772a84c6cd89d41dfa74667e24cca16bb31f8f061e3e9994", size = 88040029, upload-time = "2025-03-07T01:42:13.562Z" },
]

[[package]]
name = "nvidia-cuda-runtime-cu12"
version = "12.8.90"
source = { registry = "https://pypi.org/simple" }
wheels = [
    { url = "https://files.pythonhosted.org/packages/0d/9b/a997b638fcd068ad6e4d53b8551a7d30fe8b404d6f1804abf1df69838932/nvidia_cuda_runtime_cu12-12.8.90-py3-none-manylinux2014_x86_64.manylinux_2_17_x86_64.whl", hash = "sha256:adade8dcbd0edf427b7204d480d6066d33902cab2a4707dcfc48a2d0fd44ab90", size = 954765, upload-time = "2025-03-07T01:40:01.615Z" },
]

[[package]]
name = "nvidia-cudnn-cu12"
version = "9.10.2.21"
source = { registry = "https://pypi.org/simple" }
dependencies = [
    { name = "nvidia-cublas-cu12" },
]
wheels = [
    { url = "https://files.pythonhosted.org/packages/ba/51/e123d997aa098c61d029f76663dedbfb9bc8dcf8c60cbd6adbe42f76d049/nvidia_cudnn_cu12-9.10.2.21-py3-none-manylinux_2_27_x86_64.whl", hash = "sha256:949452be657fa16687d0930933f032835951ef0892b37d2d53824d1a84dc97a8", size = 706758467, upload-time = "2025-06-06T21:54:08.597Z" },
]

[[package]]
name = "nvidia-cufft-cu12"
version = "11.3.3.83"
source = { registry = "https://pypi.org/simple" }
dependencies = [
    { name = "nvidia-nvjitlink-cu12" },
]
wheels = [
    { url = "https://files.pythonhosted.org/packages/1f/13/ee4e00f30e676b66ae65b4f08cb5bcbb8392c03f54f2d5413ea99a5d1c80/nvidia_cufft_cu12-11.3.3.83-py3-none-manylinux2014_x86_64.manylinux_2_17_x86_64.whl", hash = "sha256:4d2dd21ec0b88cf61b62e6b43564355e5222e4a3fb394cac0db101f2dd0d4f74", size = 193118695, upload-time = "2025-03-07T01:45:27.821Z" },
]

[[package]]
name = "nvidia-cufile-cu12"
version = "1.13.1.3"
source = { registry = "https://pypi.org/simple" }
wheels = [
    { url = "https://files.pythonhosted.org/packages/bb/fe/1bcba1dfbfb8d01be8d93f07bfc502c93fa23afa6fd5ab3fc7c1df71038a/nvidia_cufile_cu12-1.13.1.3-py3-none-manylinux2014_x86_64.manylinux_2_17_x86_64.whl", hash = "sha256:1d069003be650e131b21c932ec3d8969c1715379251f8d23a1860554b1cb24fc", size = 1197834, upload-time = "2025-03-07T01:45:50.723Z" },
]

[[package]]
name = "nvidia-curand-cu12"
version = "10.3.9.90"
source = { registry = "https://pypi.org/simple" }
wheels = [
    { url = "https://files.pythonhosted.org/packages/fb/aa/6584b56dc84ebe9cf93226a5cde4d99080c8e90ab40f0c27bda7a0f29aa1/nvidia_curand_cu12-10.3.9.90-py3-none-manylinux_2_27_x86_64.whl", hash = "sha256:b32331d4f4df5d6eefa0554c565b626c7216f87a06a4f56fab27c3b68a830ec9", size = 63619976, upload-time = "2025-03-07T01:46:23.323Z" },
]

[[package]]
name = "nvidia-cusolver-cu12"
version = "11.7.3.90"
source = { registry = "https://pypi.org/simple" }
dependencies = [
    { name = "nvidia-cublas-cu12" },
    { name = "nvidia-cusparse-cu12" },
    { name = "nvidia-nvjitlink-cu12" },
]
wheels = [
    { url = "https://files.pythonhosted.org/packages/85/48/9a13d2975803e8cf2777d5ed57b87a0b6ca2cc795f9a4f59796a910bfb80/nvidia_cusolver_cu12-11.7.3.90-py3-none-manylinux_2_27_x86_64.whl", hash = "sha256:4376c11ad263152bd50ea295c05370360776f8c3427b30991df774f9fb26c450", size = 267506905, upload-time = "2025-03-07T01:47:16.273Z" },
]

[[package]]
name = "nvidia-cusparse-cu12"
version = "12.5.8.93"
source = { registry = "https://pypi.org/simple" }
dependencies = [
    { name = "nvidia-nvjitlink-cu12" },
]
wheels = [
    { url = "https://files.pythonhosted.org/packages/c2/f5/e1854cb2f2bcd4280c44736c93550cc300ff4b8c95ebe370d0aa7d2b473d/nvidia_cusparse_cu12-12.5.8.93-py3-none-manylinux2014_x86_64.manylinux_2_17_x86_64.whl", hash = "sha256:1ec05d76bbbd8b61b06a80e1eaf8cf4959c3d4ce8e711b65ebd0443bb0ebb13b", size = 288216466, upload-time = "2025-03-07T01:48:13.779Z" },
]

[[package]]
name = "nvidia-cusparselt-cu12"
version = "0.7.1"
source = { registry = "https://pypi.org/simple" }
wheels = [
    { url = "https://files.pythonhosted.org/packages/56/79/12978b96bd44274fe38b5dde5cfb660b1d114f70a65ef962bcbbed99b549/nvidia_cusparselt_cu12-0.7.1-py3-none-manylinux2014_x86_64.whl", hash = "sha256:f1bb701d6b930d5a7cea44c19ceb973311500847f81b634d802b7b539dc55623", size = 287193691, upload-time = "2025-02-26T00:15:44.104Z" },
]

[[package]]
name = "nvidia-nccl-cu12"
version = "2.27.3"
source = { registry = "https://pypi.org/simple" }
wheels = [
    { url = "https://files.pythonhosted.org/packages/5c/5b/4e4fff7bad39adf89f735f2bc87248c81db71205b62bcc0d5ca5b606b3c3/nvidia_nccl_cu12-2.27.3-py3-none-manylinux2014_x86_64.manylinux_2_17_x86_64.whl", hash = "sha256:adf27ccf4238253e0b826bce3ff5fa532d65fc42322c8bfdfaf28024c0fbe039", size = 322364134, upload-time = "2025-06-03T21:58:04.013Z" },
]

[[package]]
name = "nvidia-nvjitlink-cu12"
version = "12.8.93"
source = { registry = "https://pypi.org/simple" }
wheels = [
    { url = "https://files.pythonhosted.org/packages/f6/74/86a07f1d0f42998ca31312f998bd3b9a7eff7f52378f4f270c8679c77fb9/nvidia_nvjitlink_cu12-12.8.93-py3-none-manylinux2010_x86_64.manylinux_2_12_x86_64.whl", hash = "sha256:81ff63371a7ebd6e6451970684f916be2eab07321b73c9d244dc2b4da7f73b88", size = 39254836, upload-time = "2025-03-07T01:49:55.661Z" },
]

[[package]]
name = "nvidia-nvtx-cu12"
version = "12.8.90"
source = { registry = "https://pypi.org/simple" }
wheels = [
    { url = "https://files.pythonhosted.org/packages/a2/eb/86626c1bbc2edb86323022371c39aa48df6fd8b0a1647bc274577f72e90b/nvidia_nvtx_cu12-12.8.90-py3-none-manylinux2014_x86_64.manylinux_2_17_x86_64.whl", hash = "sha256:5b17e2001cc0d751a5bc2c6ec6d26ad95913324a4adb86788c944f8ce9ba441f", size = 89954, upload-time = "2025-03-07T01:42:44.131Z" },
]

[[package]]
name = "packaging"
version = "26.2"
source = { registry = "https://pypi.org/simple" }
sdist = { url = "https://files.pythonhosted.org/packages/d7/f1/e7a6dd94a8d4a5626c03e4e99c87f241ba9e350cd9e6d75123f992427270/packaging-26.2.tar.gz", hash = "sha256:ff452ff5a3e828ce110190feff1178bb1f2ea2281fa2075aadb987c2fb221661", size = 228134, upload-time = "2026-04-24T20:15:23.917Z" }
wheels = [
    { url = "https://files.pythonhosted.org/packages/df/b2/87e62e8c3e2f4b32e5fe99e0b86d576da1312593b39f47d8ceef365e95ed/packaging-26.2-py3-none-any.whl", hash = "sha256:5fc45236b9446107ff2415ce77c807cee2862cb6fac22b8a73826d0693b0980e", size = 100195, upload-time = "2026-04-24T20:15:22.081Z" },
]

[[package]]
name = "pluggy"
version = "1.6.0"
source = { registry = "https://pypi.org/simple" }
sdist = { url = "https://files.pythonhosted.org/packages/f9/e2/3e91f31a7d2b083fe6ef3fa267035b518369d9511ffab804f839851d2779/pluggy-1.6.0.tar.gz", hash = "sha256:7dcc130b76258d33b90f61b658791dede3486c3e6bfb003ee5c9bfb396dd22f3", size = 69412, upload-time = "2025-05-15T12:30:07.975Z" }
wheels = [
    { url = "https://files.pythonhosted.org/packages/54/20/4d324d65cc6d9205fabedc306948156824eb9f0ee1633355a8f7ec5c66bf/pluggy-1.6.0-py3-none-any.whl", hash = "sha256:e920276dd6813095e9377c0bc5566d94c932c33b27a3e3945d8389c374dd4746", size = 20538, upload-time = "2025-05-15T12:30:06.134Z" },
]

[[package]]
name = "pygments"
version = "2.20.0"
source = { registry = "https://pypi.org/simple" }
sdist = { url = "https://files.pythonhosted.org/packages/c3/b2/bc9c9196916376152d655522fdcebac55e66de6603a76a02bca1b6414f6c/pygments-2.20.0.tar.gz", hash = "sha256:6757cd03768053ff99f3039c1a36d6c0aa0b263438fcab17520b30a303a82b5f", size = 4955991, upload-time = "2026-03-29T13:29:33.898Z" }
wheels = [
    { url = "https://files.pythonhosted.org/packages/f4/7e/a72dd26f3b0f4f2bf1dd8923c85f7ceb43172af56d63c7383eb62b332364/pygments-2.20.0-py3-none-any.whl", hash = "sha256:81a9e26dd42fd28a23a2d169d86d7ac03b46e2f8b59ed4698fb4785f946d0176", size = 1231151, upload-time = "2026-03-29T13:29:30.038Z" },
]

[[package]]
name = "pytest"
version = "9.0.3"
source = { registry = "https://pypi.org/simple" }
dependencies = [
    { name = "colorama", marker = "sys_platform == 'win32'" },
    { name = "iniconfig" },
    { name = "packaging" },
    { name = "pluggy" },
    { name = "pygments" },
]
sdist = { url = "https://files.pythonhosted.org/packages/7d/0d/549bd94f1a0a402dc8cf64563a117c0f3765662e2e668477624baeec44d5/pytest-9.0.3.tar.gz", hash = "sha256:b86ada508af81d19edeb213c681b1d48246c1a91d304c6c81a427674c17eb91c", size = 1572165, upload-time = "2026-04-07T17:16:18.027Z" }
wheels = [
    { url = "https://files.pythonhosted.org/packages/d4/24/a372aaf5c9b7208e7112038812994107bc65a84cd00e0354a88c2c77a617/pytest-9.0.3-py3-none-any.whl", hash = "sha256:2c5efc453d45394fdd706ade797c0a81091eccd1d6e4bccfcd476e2b8e0ab5d9", size = 375249, upload-time = "2026-04-07T17:16:16.13Z" },
]

[[package]]
name = "ruff"
version = "0.15.12"
source = { registry = "https://pypi.org/simple" }
sdist = { url = "https://files.pythonhosted.org/packages/99/43/3291f1cc9106f4c63bdce7a8d0df5047fe8422a75b091c16b5e9355e0b11/ruff-0.15.12.tar.gz", hash = "sha256:ecea26adb26b4232c0c2ca19ccbc0083a68344180bba2a600605538ce51a40a6", size = 4643852, upload-time = "2026-04-24T18:17:14.305Z" }
wheels = [
    { url = "https://files.pythonhosted.org/packages/c3/6e/e78ffb61d4686f3d96ba3df2c801161843746dcbcbb17a1e927d4829312b/ruff-0.15.12-py3-none-linux_armv6l.whl", hash = "sha256:f86f176e188e94d6bdbc09f09bfd9dc729059ad93d0e7390b5a73efe19f8861c", size = 10640713, upload-time = "2026-04-24T18:17:22.841Z" },
    { url = "https://files.pythonhosted.org/packages/ae/08/a317bc231fb9e7b93e4ef3089501e51922ff88d6936ce5cf870c4fe55419/ruff-0.15.12-py3-none-macosx_10_12_x86_64.whl", hash = "sha256:e3bcd123364c3770b8e1b7baaf343cc99a35f197c5c6e8af79015c666c423a6c", size = 11069267, upload-time = "2026-04-24T18:17:30.105Z" },
    { url = "https://files.pythonhosted.org/packages/aa/a4/f828e9718d3dce1f5f11c39c4f65afd32783c8b2aebb2e3d259e492c47bd/ruff-0.15.12-py3-none-macosx_11_0_arm64.whl", hash = "sha256:fe87510d000220aa1ed530d4448a7c696a0cae1213e5ec30e5874287b66557b5", size = 10397182, upload-time = "2026-04-24T18:17:07.177Z" },
    { url = "https://files.pythonhosted.org/packages/71/e0/3310fc6d1b5e1fdea22bf3b1b807c7e187b581021b0d7d4514cccdb5fb71/ruff-0.15.12-py3-none-manylinux_2_17_aarch64.manylinux2014_aarch64.whl", hash = "sha256:84a1630093121375a3e2a95b4a6dc7b59e2b4ee76216e32d81aae550a832d002", size = 10758012, upload-time = "2026-04-24T18:16:55.759Z" },
    { url = "https://files.pythonhosted.org/packages/11/c1/a606911aee04c324ddaa883ae418f3569792fd3c4a10c50e0dd0a2311e1e/ruff-0.15.12-py3-none-manylinux_2_17_armv7l.manylinux2014_armv7l.whl", hash = "sha256:fb129f40f114f089ebe0ca56c0d251cf2061b17651d464bb6478dc01e69f11f5", size = 10447479, upload-time = "2026-04-24T18:16:51.677Z" },
    { url = "https://files.pythonhosted.org/packages/9d/68/4201e8444f0894f21ab4aeeaee68aa4f10b51613514a20d80bd628d57e88/ruff-0.15.12-py3-none-manylinux_2_17_i686.manylinux2014_i686.whl", hash = "sha256:b0c862b172d695db7598426b8af465e7e9ac00a3ea2a3630ee67eb82e366aaa6", size = 11234040, upload-time = "2026-04-24T18:17:16.529Z" },
    { url = "https://files.pythonhosted.org/packages/34/ff/8a6d6cf4ccc23fd67060874e832c18919d1557a0611ebef03fdb01fff11e/ruff-0.15.12-py3-none-manylinux_2_17_ppc64le.manylinux2014_ppc64le.whl", hash = "sha256:2849ea9f3484c3aca43a82f484210370319e7170df4dfe4843395ddf6c57bc33", size = 12087377, upload-time = "2026-04-24T18:17:04.944Z" },
    { url = "https://files.pythonhosted.org/packages/85/f6/c669cf73f5152f623d34e69866a46d5e6185816b19fcd5b6dd8a2d299922/ruff-0.15.12-py3-none-manylinux_2_17_s390x.manylinux2014_s390x.whl", hash = "sha256:9e77c7e51c07fe396826d5969a5b846d9cd4c402535835fb6e21ce8b28fef847", size = 11367784, upload-time = "2026-04-24T18:17:25.409Z" },
    { url = "https://files.pythonhosted.org/packages/e8/39/c61d193b8a1daaa8977f7dea9e8d8ba866e02ea7b65d32f6861693aa4c12/ruff-0.15.12-py3-none-manylinux_2_17_x86_64.manylinux2014_x86_64.whl", hash = "sha256:83b2f4f2f3b1026b5fb449b467d9264bf22067b600f7b6f41fc5958909f449d0", size = 11344088, upload-time = "2026-04-24T18:17:12.258Z" },
    { url = "https://files.pythonhosted.org/packages/c2/8d/49afab3645e31e12c590acb6d3b5b69d7aab5b81926dbaf7461f9441f37a/ruff-0.15.12-py3-none-manylinux_2_31_riscv64.whl", hash = "sha256:9ba3b8f1afd7e2e43d8943e55f249e13f9682fde09711644a6e7290eb4f3e339", size = 11271770, upload-time = "2026-04-24T18:17:02.457Z" },
    { url = "https://files.pythonhosted.org/packages/46/06/33f41fe94403e2b755481cdfb9b7ef3e4e0ed031c4581124658d935d52b4/ruff-0.15.12-py3-none-musllinux_1_2_aarch64.whl", hash = "sha256:e852ba9fdc890655e1d78f2df1499efbe0e54126bd405362154a75e2bde159c5", size = 10719355, upload-time = "2026-04-24T18:17:27.648Z" },
    { url = "https://files.pythonhosted.org/packages/0d/59/18aa4e014debbf559670e4048e39260a85c7fcee84acfd761ac01e7b8d35/ruff-0.15.12-py3-none-musllinux_1_2_armv7l.whl", hash = "sha256:dd8aed930da53780d22fc70bdf84452c843cf64f8cb4eb38984319c24c5cd5fd", size = 10462758, upload-time = "2026-04-24T18:17:32.347Z" },
    { url = "https://files.pythonhosted.org/packages/25/e7/cc9f16fd0f3b5fddcbd7ec3d6ae30c8f3fde1047f32a4093a98d633c6570/ruff-0.15.12-py3-none-musllinux_1_2_i686.whl", hash = "sha256:01da3988d225628b709493d7dc67c3b9b12c0210016b08690ef9bd27970b262b", size = 10953498, upload-time = "2026-04-24T18:17:20.674Z" },
    { url = "https://files.pythonhosted.org/packages/72/7a/a9ba7f98c7a575978698f4230c5e8cc54bbc761af34f560818f933dafa0c/ruff-0.15.12-py3-none-musllinux_1_2_x86_64.whl", hash = "sha256:9cae0f92bd5700d1213188b31cd3bdd2b315361296d10b96b8e2337d3d11f53e", size = 11447765, upload-time = "2026-04-24T18:17:09.755Z" },
    { url = "https://files.pythonhosted.org/packages/ea/f9/0ae446942c846b8266059ad8a30702a35afae55f5cdc54c5adf8d7afdc27/ruff-0.15.12-py3-none-win32.whl", hash = "sha256:d0185894e038d7043ba8fd6aee7499ece6462dc0ea9f1e260c7451807c714c20", size = 10657277, upload-time = "2026-04-24T18:17:18.591Z" },
    { url = "https://files.pythonhosted.org/packages/33/f1/9614e03e1cdcbf9437570b5400ced8a720b5db22b28d8e0f1bda429f660d/ruff-0.15.12-py3-none-win_amd64.whl", hash = "sha256:c87a162d61ab3adca47c03f7f717c68672edec7d1b5499e652331780fe74950d", size = 11837758, upload-time = "2026-04-24T18:17:00.113Z" },
    { url = "https://files.pythonhosted.org/packages/c0/98/6beb4b351e472e5f4c4613f7c35a5290b8be2497e183825310c4c3a3984b/ruff-0.15.12-py3-none-win_arm64.whl", hash = "sha256:a538f7a82d061cee7be55542aca1d86d1393d55d81d4fcc314370f4340930d4f", size = 11120821, upload-time = "2026-04-24T18:16:57.979Z" },
]

[[package]]
name = "setuptools"
version = "81.0.0"
source = { registry = "https://pypi.org/simple" }
sdist = { url = "https://files.pythonhosted.org/packages/0d/1c/73e719955c59b8e424d015ab450f51c0af856ae46ea2da83eba51cc88de1/setuptools-81.0.0.tar.gz", hash = "sha256:487b53915f52501f0a79ccfd0c02c165ffe06631443a886740b91af4b7a5845a", size = 1198299, upload-time = "2026-02-06T21:10:39.601Z" }
wheels = [
    { url = "https://files.pythonhosted.org/packages/e1/e3/c164c88b2e5ce7b24d667b9bd83589cf4f3520d97cad01534cd3c4f55fdb/setuptools-81.0.0-py3-none-any.whl", hash = "sha256:fdd925d5c5d9f62e4b74b30d6dd7828ce236fd6ed998a08d81de62ce5a6310d6", size = 1062021, upload-time = "2026-02-06T21:10:37.175Z" },
]

[[package]]
name = "sympy"
version = "1.14.0"
source = { registry = "https://pypi.org/simple" }
dependencies = [
    { name = "mpmath" },
]
sdist = { url = "https://files.pythonhosted.org/packages/83/d3/803453b36afefb7c2bb238361cd4ae6125a569b4db67cd9e79846ba2d68c/sympy-1.14.0.tar.gz", hash = "sha256:d3d3fe8df1e5a0b42f0e7bdf50541697dbe7d23746e894990c030e2b05e72517", size = 7793921, upload-time = "2025-04-27T18:05:01.611Z" }
wheels = [
    { url = "https://files.pythonhosted.org/packages/a2/09/77d55d46fd61b4a135c444fc97158ef34a095e5681d0a6c10b75bf356191/sympy-1.14.0-py3-none-any.whl", hash = "sha256:e091cc3e99d2141a0ba2847328f5479b05d94a6635cb96148ccb3f34671bd8f5", size = 6299353, upload-time = "2025-04-27T18:04:59.103Z" },
]

[[package]]
name = "torch"
version = "2.8.0"
source = { registry = "https://pypi.org/simple" }
dependencies = [
    { name = "filelock" },
    { name = "fsspec" },
    { name = "jinja2" },
    { name = "networkx" },
    { name = "nvidia-cublas-cu12", marker = "platform_machine == 'x86_64' and sys_platform == 'linux'" },
    { name = "nvidia-cuda-cupti-cu12", marker = "platform_machine == 'x86_64' and sys_platform == 'linux'" },
    { name = "nvidia-cuda-nvrtc-cu12", marker = "platform_machine == 'x86_64' and sys_platform == 'linux'" },
    { name = "nvidia-cuda-runtime-cu12", marker = "platform_machine == 'x86_64' and sys_platform == 'linux'" },
    { name = "nvidia-cudnn-cu12", marker = "platform_machine == 'x86_64' and sys_platform == 'linux'" },
    { name = "nvidia-cufft-cu12", marker = "platform_machine == 'x86_64' and sys_platform == 'linux'" },
    { name = "nvidia-cufile-cu12", marker = "platform_machine == 'x86_64' and sys_platform == 'linux'" },
    { name = "nvidia-curand-cu12", marker = "platform_machine == 'x86_64' and sys_platform == 'linux'" },
    { name = "nvidia-cusolver-cu12", marker = "platform_machine == 'x86_64' and sys_platform == 'linux'" },
    { name = "nvidia-cusparse-cu12", marker = "platform_machine == 'x86_64' and sys_platform == 'linux'" },
    { name = "nvidia-cusparselt-cu12", marker = "platform_machine == 'x86_64' and sys_platform == 'linux'" },
    { name = "nvidia-nccl-cu12", marker = "platform_machine == 'x86_64' and sys_platform == 'linux'" },
    { name = "nvidia-nvjitlink-cu12", marker = "platform_machine == 'x86_64' and sys_platform == 'linux'" },
    { name = "nvidia-nvtx-cu12", marker = "platform_machine == 'x86_64' and sys_platform == 'linux'" },
    { name = "setuptools", marker = "python_full_version >= '3.12'" },
    { name = "sympy" },
    { name = "triton", marker = "platform_machine == 'x86_64' and sys_platform == 'linux'" },
    { name = "typing-extensions" },
]
wheels = [
    { url = "https://files.pythonhosted.org/packages/8f/c4/3e7a3887eba14e815e614db70b3b529112d1513d9dae6f4d43e373360b7f/torch-2.8.0-cp311-cp311-manylinux_2_28_aarch64.whl", hash = "sha256:220a06fd7af8b653c35d359dfe1aaf32f65aa85befa342629f716acb134b9710", size = 102073391, upload-time = "2025-08-06T14:53:20.937Z" },
    { url = "https://files.pythonhosted.org/packages/5a/63/4fdc45a0304536e75a5e1b1bbfb1b56dd0e2743c48ee83ca729f7ce44162/torch-2.8.0-cp311-cp311-manylinux_2_28_x86_64.whl", hash = "sha256:c12fa219f51a933d5f80eeb3a7a5d0cbe9168c0a14bbb4055f1979431660879b", size = 888063640, upload-time = "2025-08-06T14:55:05.325Z" },
    { url = "https://files.pythonhosted.org/packages/84/57/2f64161769610cf6b1c5ed782bd8a780e18a3c9d48931319f2887fa9d0b1/torch-2.8.0-cp311-cp311-win_amd64.whl", hash = "sha256:8c7ef765e27551b2fbfc0f41bcf270e1292d9bf79f8e0724848b1682be6e80aa", size = 241366752, upload-time = "2025-08-06T14:53:38.692Z" },
    { url = "https://files.pythonhosted.org/packages/a4/5e/05a5c46085d9b97e928f3f037081d3d2b87fb4b4195030fc099aaec5effc/torch-2.8.0-cp311-none-macosx_11_0_arm64.whl", hash = "sha256:5ae0524688fb6707c57a530c2325e13bb0090b745ba7b4a2cd6a3ce262572916", size = 73621174, upload-time = "2025-08-06T14:53:25.44Z" },
    { url = "https://files.pythonhosted.org/packages/49/0c/2fd4df0d83a495bb5e54dca4474c4ec5f9c62db185421563deeb5dabf609/torch-2.8.0-cp312-cp312-manylinux_2_28_aarch64.whl", hash = "sha256:e2fab4153768d433f8ed9279c8133a114a034a61e77a3a104dcdf54388838705", size = 101906089, upload-time = "2025-08-06T14:53:52.631Z" },
    { url = "https://files.pythonhosted.org/packages/99/a8/6acf48d48838fb8fe480597d98a0668c2beb02ee4755cc136de92a0a956f/torch-2.8.0-cp312-cp312-manylinux_2_28_x86_64.whl", hash = "sha256:b2aca0939fb7e4d842561febbd4ffda67a8e958ff725c1c27e244e85e982173c", size = 887913624, upload-time = "2025-08-06T14:56:44.33Z" },
    { url = "https://files.pythonhosted.org/packages/af/8a/5c87f08e3abd825c7dfecef5a0f1d9aa5df5dd0e3fd1fa2f490a8e512402/torch-2.8.0-cp312-cp312-win_amd64.whl", hash = "sha256:2f4ac52f0130275d7517b03a33d2493bab3693c83dcfadf4f81688ea82147d2e", size = 241326087, upload-time = "2025-08-06T14:53:46.503Z" },
    { url = "https://files.pythonhosted.org/packages/be/66/5c9a321b325aaecb92d4d1855421e3a055abd77903b7dab6575ca07796db/torch-2.8.0-cp312-none-macosx_11_0_arm64.whl", hash = "sha256:619c2869db3ada2c0105487ba21b5008defcc472d23f8b80ed91ac4a380283b0", size = 73630478, upload-time = "2025-08-06T14:53:57.144Z" },
]

[[package]]
name = "triton"
version = "3.4.0"
source = { registry = "https://pypi.org/simple" }
dependencies = [
    { name = "setuptools" },
]
wheels = [
    { url = "https://files.pythonhosted.org/packages/7d/39/43325b3b651d50187e591eefa22e236b2981afcebaefd4f2fc0ea99df191/triton-3.4.0-cp311-cp311-manylinux_2_27_x86_64.manylinux_2_28_x86_64.whl", hash = "sha256:7b70f5e6a41e52e48cfc087436c8a28c17ff98db369447bcaff3b887a3ab4467", size = 155531138, upload-time = "2025-07-30T19:58:29.908Z" },
    { url = "https://files.pythonhosted.org/packages/d0/66/b1eb52839f563623d185f0927eb3530ee4d5ffe9d377cdaf5346b306689e/triton-3.4.0-cp312-cp312-manylinux_2_27_x86_64.manylinux_2_28_x86_64.whl", hash = "sha256:31c1d84a5c0ec2c0f8e8a072d7fd150cab84a9c239eaddc6706c081bfae4eb04", size = 155560068, upload-time = "2025-07-30T19:58:37.081Z" },
]

[[package]]
name = "typing-extensions"
version = "4.15.0"
source = { registry = "https://pypi.org/simple" }
sdist = { url = "https://files.pythonhosted.org/packages/72/94/1a15dd82efb362ac84269196e94cf00f187f7ed21c242792a923cdb1c61f/typing_extensions-4.15.0.tar.gz", hash = "sha256:0cea48d173cc12fa28ecabc3b837ea3cf6f38c6d1136f85cbaaf598984861466", size = 109391, upload-time = "2025-08-25T13:49:26.313Z" }
wheels = [
    { url = "https://files.pythonhosted.org/packages/18/67/36e9267722cc04a6b9f15c7f3441c2363321a3ea07da7ae0c0707beb2a9c/typing_extensions-4.15.0-py3-none-any.whl", hash = "sha256:f0fa19c6845758ab08074a0cfa8b7aecb71c999ca73d62883bc25cc018c4e548", size = 44614, upload-time = "2025-08-25T13:49:24.86Z" },
]
